
Microsoft Visual Studio Solution File, Format Version 12.00
# Visual Studio Version 16
VisualStudioVersion = 16.0.31727.386
MinimumVisualStudioVersion = 10.0.40219.1
Project("{FAE04EC0-301F-11D3-BF4B-00C04F79EFBC}") = "AtividadeTelas", "AtividadeTelas\AtividadeTelas.csproj", "{8BAF7962-6A17-4142-A92F-EA235C546FDB}"
EndProject
Global
	GlobalSection(SolutionConfigurationPlatforms) = preSolution
		Debug|Any CPU = Debug|Any CPU
		Release|Any CPU = Release|Any CPU
	EndGlobalSection
	GlobalSection(ProjectConfigurationPlatforms) = postSolution
		{8BAF7962-6A17-4142-A92F-EA235C546FDB}.Debug|Any CPU.ActiveCfg = Debug|Any CPU
		{8BAF7962-6A17-4142-A92F-EA235C546FDB}.Debug|Any CPU.Build.0 = Debug|Any CPU
		{8BAF7962-6A17-4142-A92F-EA235C546FDB}.Release|Any CPU.ActiveCfg = Release|Any CPU
		{8BAF7962-6A17-4142-A92F-EA235C546FDB}.Release|Any CPU.Build.0 = Release|Any CPU
	EndGlobalSection
	GlobalSection(SolutionProperties) = preSolution
		HideSolutionNode = FALSE
	EndGlobalSection
	GlobalSection(ExtensibilityGlobals) = postSolution
		SolutionGuid = {E23547A8-B17C-431E-8436-65E9B7CAB933}
	EndGlobalSection
EndGlobal
